
Microsoft Visual Studio Solution File, Format Version 12.00
# Visual Studio Version 16
VisualStudioVersion = 16.0.29009.5
MinimumVisualStudioVersion = 10.0.40219.1
Project("{FAE04EC0-301F-11D3-BF4B-00C04F79EFBC}") = "RefresherCourse", "RefresherCourse\RefresherCourse.csproj", "{6FC650BF-4B4B-474A-B9BD-0261229C6846}"
EndProject
Global
	GlobalSection(SolutionConfigurationPlatforms) = preSolution
		Debug|Any CPU = Debug|Any CPU
		Release|Any CPU = Release|Any CPU
	EndGlobalSection
	GlobalSection(ProjectConfigurationPlatforms) = postSolution
		{6FC650BF-4B4B-474A-B9BD-0261229C6846}.Debug|Any CPU.ActiveCfg = Debug|Any CPU
		{6FC650BF-4B4B-474A-B9BD-0261229C6846}.Debug|Any CPU.Build.0 = Debug|Any CPU
		{6FC650BF-4B4B-474A-B9BD-0261229C6846}.Release|Any CPU.ActiveCfg = Release|Any CPU
		{6FC650BF-4B4B-474A-B9BD-0261229C6846}.Release|Any CPU.Build.0 = Release|Any CPU
	EndGlobalSection
	GlobalSection(SolutionProperties) = preSolution
		HideSolutionNode = FALSE
	EndGlobalSection
	GlobalSection(ExtensibilityGlobals) = postSolution
		SolutionGuid = {68C8EC9D-A401-4D23-806E-8294CDCB0A28}
	EndGlobalSection
EndGlobal
